
Microsoft Visual Studio Solution File, Format Version 12.00
# Visual Studio Version 16
VisualStudioVersion = 16.0.29926.136
MinimumVisualStudioVersion = 10.0.40219.1
Project("{FAE04EC0-301F-11D3-BF4B-00C04F79EFBC}") = "aait-Task", "aait-Task\aait-Task.csproj", "{A6DA2825-CC24-4BA3-BD75-157DA0FD8A32}"
EndProject
Global
	GlobalSection(SolutionConfigurationPlatforms) = preSolution
		Debug|Any CPU = Debug|Any CPU
		Release|Any CPU = Release|Any CPU
	EndGlobalSection
	GlobalSection(ProjectConfigurationPlatforms) = postSolution
		{A6DA2825-CC24-4BA3-BD75-157DA0FD8A32}.Debug|Any CPU.ActiveCfg = Debug|Any CPU
		{A6DA2825-CC24-4BA3-BD75-157DA0FD8A32}.Debug|Any CPU.Build.0 = Debug|Any CPU
		{A6DA2825-CC24-4BA3-BD75-157DA0FD8A32}.Release|Any CPU.ActiveCfg = Release|Any CPU
		{A6DA2825-CC24-4BA3-BD75-157DA0FD8A32}.Release|Any CPU.Build.0 = Release|Any CPU
	EndGlobalSection
	GlobalSection(SolutionProperties) = preSolution
		HideSolutionNode = FALSE
	EndGlobalSection
	GlobalSection(ExtensibilityGlobals) = postSolution
		SolutionGuid = {EE1B3BE9-EF4F-4F7E-9C03-C31492ECE155}
	EndGlobalSection
EndGlobal
